
Microsoft Visual Studio Solution File, Format Version 12.00
# Visual Studio Version 17
VisualStudioVersion = 17.4.33205.214
MinimumVisualStudioVersion = 10.0.40219.1
Project("{9A19103F-16F7-4668-BE54-9A1E7A4F7556}") = "ContadorDeVacinasAplicadas.API", "ContadorDeVacinasAplicadas\ContadorDeVacinasAplicadas.API.csproj", "{8154BEC8-34DC-4525-952C-34C4E24C8133}"
EndProject
Project("{9A19103F-16F7-4668-BE54-9A1E7A4F7556}") = "ContadorDeVacinasAplicadas.Data", "ContadorDeVacinasAplicadas.Data\ContadorDeVacinasAplicadas.Data.csproj", "{F8533F3C-0DAB-4762-91BB-05F87AE72E02}"
EndProject
Project("{FAE04EC0-301F-11D3-BF4B-00C04F79EFBC}") = "ContadorDeVacinasAplicadas.Utils", "ContadorDeVacinasAplicadas.Utils\ContadorDeVacinasAplicadas.Utils.csproj", "{C2F6A0C6-7719-47AD-9CD7-B1C980FE96A0}"
EndProject
Global
	GlobalSection(SolutionConfigurationPlatforms) = preSolution
		Debug|Any CPU = Debug|Any CPU
		Release|Any CPU = Release|Any CPU
	EndGlobalSection
	GlobalSection(ProjectConfigurationPlatforms) = postSolution
		{8154BEC8-34DC-4525-952C-34C4E24C8133}.Debug|Any CPU.ActiveCfg = Debug|Any CPU
		{8154BEC8-34DC-4525-952C-34C4E24C8133}.Debug|Any CPU.Build.0 = Debug|Any CPU
		{8154BEC8-34DC-4525-952C-34C4E24C8133}.Release|Any CPU.ActiveCfg = Release|Any CPU
		{8154BEC8-34DC-4525-952C-34C4E24C8133}.Release|Any CPU.Build.0 = Release|Any CPU
		{F8533F3C-0DAB-4762-91BB-05F87AE72E02}.Debug|Any CPU.ActiveCfg = Debug|Any CPU
		{F8533F3C-0DAB-4762-91BB-05F87AE72E02}.Debug|Any CPU.Build.0 = Debug|Any CPU
		{F8533F3C-0DAB-4762-91BB-05F87AE72E02}.Release|Any CPU.ActiveCfg = Release|Any CPU
		{F8533F3C-0DAB-4762-91BB-05F87AE72E02}.Release|Any CPU.Build.0 = Release|Any CPU
		{C2F6A0C6-7719-47AD-9CD7-B1C980FE96A0}.Debug|Any CPU.ActiveCfg = Debug|Any CPU
		{C2F6A0C6-7719-47AD-9CD7-B1C980FE96A0}.Debug|Any CPU.Build.0 = Debug|Any CPU
		{C2F6A0C6-7719-47AD-9CD7-B1C980FE96A0}.Release|Any CPU.ActiveCfg = Release|Any CPU
		{C2F6A0C6-7719-47AD-9CD7-B1C980FE96A0}.Release|Any CPU.Build.0 = Release|Any CPU
	EndGlobalSection
	GlobalSection(SolutionProperties) = preSolution
		HideSolutionNode = FALSE
	EndGlobalSection
	GlobalSection(ExtensibilityGlobals) = postSolution
		SolutionGuid = {286C204A-A2E9-4DFE-A7D6-561465C5F758}
	EndGlobalSection
EndGlobal
